
Microsoft Visual Studio Solution File, Format Version 12.00
# Visual Studio Version 17
VisualStudioVersion = 17.14.36414.22 d17.14
MinimumVisualStudioVersion = 10.0.40219.1
Project("{FAE04EC0-301F-11D3-BF4B-00C04F79EFBC}") = "WorkHub.API", "WorkHub.API\WorkHub.API.csproj", "{3711C568-A7A0-48CD-86B1-4D11A555D7BB}"
EndProject
Project("{FAE04EC0-301F-11D3-BF4B-00C04F79EFBC}") = "WorkHub.BLL", "WorkHub.BLL\WorkHub.BLL.csproj", "{673C589B-937B-487F-A223-A8F9CB98DF9B}"
EndProject
Project("{FAE04EC0-301F-11D3-BF4B-00C04F79EFBC}") = "WorkHub.DAL", "WorkHub.DAL\WorkHub.DAL.csproj", "{B48F6842-1C4E-4B0B-8F27-CB08CD279199}"
EndProject
Global
	GlobalSection(SolutionConfigurationPlatforms) = preSolution
		Debug|Any CPU = Debug|Any CPU
		Release|Any CPU = Release|Any CPU
	EndGlobalSection
	GlobalSection(ProjectConfigurationPlatforms) = postSolution
		{3711C568-A7A0-48CD-86B1-4D11A555D7BB}.Debug|Any CPU.ActiveCfg = Debug|Any CPU
		{3711C568-A7A0-48CD-86B1-4D11A555D7BB}.Debug|Any CPU.Build.0 = Debug|Any CPU
		{3711C568-A7A0-48CD-86B1-4D11A555D7BB}.Release|Any CPU.ActiveCfg = Release|Any CPU
		{3711C568-A7A0-48CD-86B1-4D11A555D7BB}.Release|Any CPU.Build.0 = Release|Any CPU
		{673C589B-937B-487F-A223-A8F9CB98DF9B}.Debug|Any CPU.ActiveCfg = Debug|Any CPU
		{673C589B-937B-487F-A223-A8F9CB98DF9B}.Debug|Any CPU.Build.0 = Debug|Any CPU
		{673C589B-937B-487F-A223-A8F9CB98DF9B}.Release|Any CPU.ActiveCfg = Release|Any CPU
		{673C589B-937B-487F-A223-A8F9CB98DF9B}.Release|Any CPU.Build.0 = Release|Any CPU
		{B48F6842-1C4E-4B0B-8F27-CB08CD279199}.Debug|Any CPU.ActiveCfg = Debug|Any CPU
		{B48F6842-1C4E-4B0B-8F27-CB08CD279199}.Debug|Any CPU.Build.0 = Debug|Any CPU
		{B48F6842-1C4E-4B0B-8F27-CB08CD279199}.Release|Any CPU.ActiveCfg = Release|Any CPU
		{B48F6842-1C4E-4B0B-8F27-CB08CD279199}.Release|Any CPU.Build.0 = Release|Any CPU
	EndGlobalSection
	GlobalSection(SolutionProperties) = preSolution
		HideSolutionNode = FALSE
	EndGlobalSection
	GlobalSection(ExtensibilityGlobals) = postSolution
		SolutionGuid = {06DCAFC9-0845-4CAA-815C-CE7051D0068C}
	EndGlobalSection
EndGlobal
